# THIS IS AN AUTOGENERATED FILE. DO NOT EDIT THIS FILE DIRECTLY.
# yarn lockfile v1


jquery@^4.0.0-beta:
  version "4.0.0-beta"
  resolved "https://registry.npmjs.org/jquery/-/jquery-4.0.0-beta.tgz"
  integrity sha512-F/LxAJ1KuoIfS5j6T5R57YceLJfXjwBl5hJ9za2itWyCy24YqU5R/DzRf76RrpeHfpJgQyqwnPbUQbjSfoEBcQ==

tinymce@^6:
  version "6.8.3"
  resolved "https://registry.npmjs.org/tinymce/-/tinymce-6.8.3.tgz"
  integrity sha512-3fCHKAeqT+xNwBVESf6iDbDV0VNwZNmfrkx9c/6Gz5iB8piMfaO6s7FvoiTrj1hf1gVbfyLTnz1DooI6DhgINQ==
